{
  "name": "fund_register",
  "version": "1.0.0",
  "lockfileVersion": 1,
  "requires": true,
  "dependencies": {
    "inputmask": {
      "version": "3.3.11",
      "resolved": "https://registry.npmjs.org/inputmask/-/inputmask-3.3.11.tgz",
      "integrity": "sha1-FCHJSuKMPc0bTSYze1CLs0mY4tg="
    },
    "vee-validate": {
      "version": "2.1.0-beta.2",
      "resolved": "https://registry.npmjs.org/vee-validate/-/vee-validate-2.1.0-beta.2.tgz",
      "integrity": "sha512-n72XKcFct9pX90+0H1wil933eg0s6Le/C4VOSCgC/flC457dgXVi9P96MMQb4xVfcjqafC4qZ4Famglk3gpybA=="
    },
    "vue": {
      "version": "2.5.16",
      "resolved": "https://registry.npmjs.org/vue/-/vue-2.5.16.tgz",
      "integrity": "sha512-/ffmsiVuPC8PsWcFkZngdpas19ABm5mh2wA7iDqcltyCTwlgZjHGeJYOXkBMo422iPwIcviOtrTCUpSfXmToLQ=="
    },
    "vue-inputmask": {
      "version": "0.2.1",
      "resolved": "https://registry.npmjs.org/vue-inputmask/-/vue-inputmask-0.2.1.tgz",
      "integrity": "sha512-T05NnZSjCq99cu4UOyzK0CIjvQm399G5BuoTWoS5udE3wRvflAPpUopOaRPbhu8YsKgWwKn2S+AslicFrXmy8g==",
      "requires": {
        "inputmask": "^3.3.8",
        "vue": "^2.4.2"
      }
    }
  }
}
